
Microsoft Visual Studio Solution File, Format Version 12.00
# Visual Studio Version 17
VisualStudioVersion = 17.11.35222.181
MinimumVisualStudioVersion = 10.0.40219.1
Project("{FAE04EC0-301F-11D3-BF4B-00C04F79EFBC}") = "Week3Switch", "Week3Switch\Week3Switch.csproj", "{2FF85B4F-9751-422F-B682-EA3AF00F7E45}"
EndProject
Project("{FAE04EC0-301F-11D3-BF4B-00C04F79EFBC}") = "Week3RemainderOperator", "Week3RemainderOperator\Week3RemainderOperator.csproj", "{20C58092-7775-4421-932D-6466595B1211}"
EndProject
Global
	GlobalSection(SolutionConfigurationPlatforms) = preSolution
		Debug|Any CPU = Debug|Any CPU
		Release|Any CPU = Release|Any CPU
	EndGlobalSection
	GlobalSection(ProjectConfigurationPlatforms) = postSolution
		{2FF85B4F-9751-422F-B682-EA3AF00F7E45}.Debug|Any CPU.ActiveCfg = Debug|Any CPU
		{2FF85B4F-9751-422F-B682-EA3AF00F7E45}.Debug|Any CPU.Build.0 = Debug|Any CPU
		{2FF85B4F-9751-422F-B682-EA3AF00F7E45}.Release|Any CPU.ActiveCfg = Release|Any CPU
		{2FF85B4F-9751-422F-B682-EA3AF00F7E45}.Release|Any CPU.Build.0 = Release|Any CPU
		{20C58092-7775-4421-932D-6466595B1211}.Debug|Any CPU.ActiveCfg = Debug|Any CPU
		{20C58092-7775-4421-932D-6466595B1211}.Debug|Any CPU.Build.0 = Debug|Any CPU
		{20C58092-7775-4421-932D-6466595B1211}.Release|Any CPU.ActiveCfg = Release|Any CPU
		{20C58092-7775-4421-932D-6466595B1211}.Release|Any CPU.Build.0 = Release|Any CPU
	EndGlobalSection
	GlobalSection(SolutionProperties) = preSolution
		HideSolutionNode = FALSE
	EndGlobalSection
	GlobalSection(ExtensibilityGlobals) = postSolution
		SolutionGuid = {E363A954-66C7-41FA-891B-3C2DD5D6001D}
	EndGlobalSection
EndGlobal
